header:
    version: 14
overrides:
    repos:
        poky:
            commit: 1d54d1c4736a114e1cecbe85a0306e3814d5ce70
        meta-openembedded:
            commit: 06f846a325fde423bb0a6d49d771d8c1e144d7eb
        meta-arm:
            commit: a81c19915b5b9e71ed394032e9a50fd06919e1cd
        meta-virtualization:
            commit: 3dd635f613f7299d986a8ab6bc9f584370f8ed1d
        meta-freescale:
            commit: 902dde8c5bd29bb507ac8d37772565a6c9ab77cd
        meta-qoriq:
            commit: 98f951a113ab598f33b3c2ba798b6408ca969a34
        meta-freescale-distro:
            commit: b9d6a5d9931922558046d230c1f5f4ef6ee72345
